<?xml version="1.0" encoding="utf-8"?>
<Project ToolsVersion="4.0" xmlns="http://schemas.microsoft.com/developer/msbuild/2003">
  <ItemGroup>
    <ClCompile Include="Source\Collision.cpp">
      <Filter>Sources</Filter>
    </ClCompile>
    <ClCompile Include="Source\GameObjects.cpp">
      <Filter>Sources</Filter>
    </ClCompile>
    <ClCompile Include="Source\GameOverScreen.cpp">
      <Filter>Sources</Filter>
    </ClCompile>
    <ClCompile Include="Source\GameState_Platform.cpp">
      <Filter>Sources</Filter>
    </ClCompile>
    <ClCompile Include="Source\GameStateMgr.cpp">
      <Filter>Sources</Filter>
    </ClCompile>
    <ClCompile Include="Source\main.cpp">
      <Filter>Sources</Filter>
    </ClCompile>
    <ClCompile Include="Source\MainMenu.cpp">
      <Filter>Sources</Filter>
    </ClCompile>
    <ClCompile Include="Source\Map.cpp">
      <Filter>Sources</Filter>
    </ClCompile>
    <ClCompile Include="Source\Win.cpp">
      <Filter>Sources</Filter>
    </ClCompile>
    <ClCompile Include="Source\Audio.cpp">
      <Filter>Sources</Filter>
    </ClCompile>
    <ClCompile Include="Source\Credits.cpp">
      <Filter>Sources</Filter>
    </ClCompile>
    <ClCompile Include="Source\Logo.cpp">
      <Filter>Sources</Filter>
    </ClCompile>
    <ClCompile Include="Source\LvlSelect.cpp">
      <Filter>Sources</Filter>
    </ClCompile>
    <ClCompile Include="Source\Options.cpp">
      <Filter>Sources</Filter>
    </ClCompile>
    <ClCompile Include="Source\Instructions.cpp">
      <Filter>Sources</Filter>
    </ClCompile>
  </ItemGroup>
  <ItemGroup>
    <ClInclude Include="Include\Audio.h">
      <Filter>Headers</Filter>
    </ClInclude>
    <ClInclude Include="Include\Collision.h">
      <Filter>Headers</Filter>
    </ClInclude>
    <ClInclude Include="Include\fmod.h">
      <Filter>Fmod</Filter>
    </ClInclude>
    <ClInclude Include="Include\fmod.hpp">
      <Filter>Fmod</Filter>
    </ClInclude>
    <ClInclude Include="Include\fmod_codec.h">
      <Filter>Fmod</Filter>
    </ClInclude>
    <ClInclude Include="Include\fmod_common.h">
      <Filter>Fmod</Filter>
    </ClInclude>
    <ClInclude Include="Include\fmod_dsp.h">
      <Filter>Fmod</Filter>
    </ClInclude>
    <ClInclude Include="Include\fmod_dsp_effects.h">
      <Filter>Fmod</Filter>
    </ClInclude>
    <ClInclude Include="Include\fmod_errors.h">
      <Filter>Fmod</Filter>
    </ClInclude>
    <ClInclude Include="Include\fmod_output.h">
      <Filter>Fmod</Filter>
    </ClInclude>
    <ClInclude Include="Include\GameObjects.h">
      <Filter>Headers</Filter>
    </ClInclude>
    <ClInclude Include="Include\GameOverScreen.h">
      <Filter>Headers</Filter>
    </ClInclude>
    <ClInclude Include="Include\GameState_Platform.h">
      <Filter>Headers</Filter>
    </ClInclude>
    <ClInclude Include="Include\GameStateList.h">
      <Filter>Headers</Filter>
    </ClInclude>
    <ClInclude Include="Include\GameStateMgr.h">
      <Filter>Headers</Filter>
    </ClInclude>
    <ClInclude Include="Include\main.h">
      <Filter>Headers</Filter>
    </ClInclude>
    <ClInclude Include="Include\Map.h">
      <Filter>Headers</Filter>
    </ClInclude>
    <ClInclude Include="Include\Win.h">
      <Filter>Headers</Filter>
    </ClInclude>
    <ClInclude Include="Include\MainMenu.h">
      <Filter>Headers</Filter>
    </ClInclude>
    <ClInclude Include="Include\Logo.h">
      <Filter>Headers</Filter>
    </ClInclude>
    <ClInclude Include="Include\Credits.h">
      <Filter>Headers</Filter>
    </ClInclude>
    <ClInclude Include="Include\LvlSelect.h">
      <Filter>Headers</Filter>
    </ClInclude>
    <ClInclude Include="Include\Options.h">
      <Filter>Headers</Filter>
    </ClInclude>
    <ClInclude Include="Include\Instructions.h">
      <Filter>Headers</Filter>
    </ClInclude>
  </ItemGroup>
  <ItemGroup>
    <None Include="Include\fmod.cs">
      <Filter>Fmod</Filter>
    </None>
    <None Include="Include\fmod_dsp.cs">
      <Filter>Fmod</Filter>
    </None>
    <None Include="Include\fmod_errors.cs">
      <Filter>Fmod</Filter>
    </None>
  </ItemGroup>
  <ItemGroup>
    <Filter Include="Headers">
      <UniqueIdentifier>{526be504-89e0-4e8a-b989-3b6a8cc63feb}</UniqueIdentifier>
    </Filter>
    <Filter Include="Fmod">
      <UniqueIdentifier>{e1c55a76-a2f7-4ede-a442-e308aad605ba}</UniqueIdentifier>
    </Filter>
    <Filter Include="Sources">
      <UniqueIdentifier>{8f1b1478-2e28-4673-8141-cf67b2fc03b2}</UniqueIdentifier>
    </Filter>
  </ItemGroup>
</Project>