<?xml version="1.0" encoding="utf-8"?>
<Project ToolsVersion="4.0" xmlns="http://schemas.microsoft.com/developer/msbuild/2003">
  <ItemGroup>
    <Filter Include="Source">
      <UniqueIdentifier>{dcc31ce1-7891-415d-a746-c840edf845da}</UniqueIdentifier>
    </Filter>
    <Filter Include="Include">
      <UniqueIdentifier>{3d7170a0-85fc-47f8-b120-5ac1703c9d0d}</UniqueIdentifier>
    </Filter>
    <Filter Include="Include\FMOD">
      <UniqueIdentifier>{440f6dca-b69f-48b8-b0d1-eaa5d2295158}</UniqueIdentifier>
    </Filter>
  </ItemGroup>
  <ItemGroup>
    <ClCompile Include="Source\Collision.cpp">
      <Filter>Source</Filter>
    </ClCompile>
    <ClCompile Include="Source\GameState_Platform.cpp">
      <Filter>Source</Filter>
    </ClCompile>
    <ClCompile Include="Source\GameStateMgr.cpp">
      <Filter>Source</Filter>
    </ClCompile>
    <ClCompile Include="Source\main.cpp">
      <Filter>Source</Filter>
    </ClCompile>
    <ClCompile Include="Source\MainMenu.cpp">
      <Filter>Source</Filter>
    </ClCompile>
    <ClCompile Include="Source\Map.cpp">
      <Filter>Source</Filter>
    </ClCompile>
    <ClCompile Include="Source\Win.cpp">
      <Filter>Source</Filter>
    </ClCompile>
    <ClCompile Include="Source\GameObjects.cpp">
      <Filter>Source</Filter>
    </ClCompile>
    <ClCompile Include="Bullet.cpp">
      <Filter>Source</Filter>
    </ClCompile>
  </ItemGroup>
  <ItemGroup>
    <ClInclude Include="Include\Collision.h">
      <Filter>Include</Filter>
    </ClInclude>
    <ClInclude Include="Include\GameState_Platform.h">
      <Filter>Include</Filter>
    </ClInclude>
    <ClInclude Include="Include\GameStateList.h">
      <Filter>Include</Filter>
    </ClInclude>
    <ClInclude Include="Include\GameStateMgr.h">
      <Filter>Include</Filter>
    </ClInclude>
    <ClInclude Include="Include\main.h">
      <Filter>Include</Filter>
    </ClInclude>
    <ClInclude Include="Include\MainMenu.h">
      <Filter>Include</Filter>
    </ClInclude>
    <ClInclude Include="Include\Map.h">
      <Filter>Include</Filter>
    </ClInclude>
    <ClInclude Include="Include\Win.h">
      <Filter>Include</Filter>
    </ClInclude>
    <ClInclude Include="Include\GameObjects.h">
      <Filter>Include</Filter>
    </ClInclude>
    <ClInclude Include="Bullet.h">
      <Filter>Include</Filter>
    </ClInclude>
    <ClInclude Include="Include\fmod.h">
      <Filter>Include\FMOD</Filter>
    </ClInclude>
    <ClInclude Include="Include\fmod.hpp">
      <Filter>Include\FMOD</Filter>
    </ClInclude>
    <ClInclude Include="Include\fmod_codec.h">
      <Filter>Include\FMOD</Filter>
    </ClInclude>
    <ClInclude Include="Include\fmod_common.h">
      <Filter>Include\FMOD</Filter>
    </ClInclude>
    <ClInclude Include="Include\fmod_dsp.h">
      <Filter>Include\FMOD</Filter>
    </ClInclude>
    <ClInclude Include="Include\fmod_dsp_effects.h">
      <Filter>Include\FMOD</Filter>
    </ClInclude>
    <ClInclude Include="Include\fmod_errors.h">
      <Filter>Include\FMOD</Filter>
    </ClInclude>
    <ClInclude Include="Include\fmod_output.h">
      <Filter>Include\FMOD</Filter>
    </ClInclude>
  </ItemGroup>
  <ItemGroup>
    <None Include="Include\fmod.cs">
      <Filter>Include\FMOD</Filter>
    </None>
    <None Include="Include\fmod_dsp.cs">
      <Filter>Include\FMOD</Filter>
    </None>
    <None Include="Include\fmod_errors.cs">
      <Filter>Include\FMOD</Filter>
    </None>
  </ItemGroup>
</Project>